
Microsoft Visual Studio Solution File, Format Version 12.00
# Visual Studio Version 17
VisualStudioVersion = 17.6.33927.249
MinimumVisualStudioVersion = 10.0.40219.1
Project("{9A19103F-16F7-4668-BE54-9A1E7A4F7556}") = "GerenciadorFluxo.API", "GerenciadorFluxo.API\GerenciadorFluxo.API.csproj", "{4A34047B-1436-4987-8DEB-B6837AAF71D7}"
EndProject
Project("{9A19103F-16F7-4668-BE54-9A1E7A4F7556}") = "GerenciadorFluxo.Application", "GerenciadorFluxo.Application\GerenciadorFluxo.Application.csproj", "{0126388E-907B-4102-B88C-35BDE4930C7B}"
EndProject
Project("{9A19103F-16F7-4668-BE54-9A1E7A4F7556}") = "GerenciadorFluxo.Domain", "GerenciadorFluxo.Domain\GerenciadorFluxo.Domain.csproj", "{0C17FA73-E77C-47BD-BE93-A4B0A34459CD}"
EndProject
Project("{9A19103F-16F7-4668-BE54-9A1E7A4F7556}") = "GerenciadorFluxo.Infra.Data", "GerenciadorFluxo.Infra.Data\GerenciadorFluxo.Infra.Data.csproj", "{D81BB0AC-38C1-46EA-AAEE-2593C88B2FB3}"
EndProject
Project("{9A19103F-16F7-4668-BE54-9A1E7A4F7556}") = "GerenciadorFluxo.Infra.IoC", "GerenciadorFluxo.Infra.IoC\GerenciadorFluxo.Infra.IoC.csproj", "{3A644B46-64DE-4D88-91EA-DE31683D9968}"
EndProject
Project("{E53339B2-1760-4266-BCC7-CA923CBCF16C}") = "docker-compose", "docker-compose.dcproj", "{3B9A6D6D-58A9-42CD-A6D8-6EB5BCE9A1A7}"
EndProject
Global
	GlobalSection(SolutionConfigurationPlatforms) = preSolution
		Debug|Any CPU = Debug|Any CPU
		Release|Any CPU = Release|Any CPU
	EndGlobalSection
	GlobalSection(ProjectConfigurationPlatforms) = postSolution
		{4A34047B-1436-4987-8DEB-B6837AAF71D7}.Debug|Any CPU.ActiveCfg = Debug|Any CPU
		{4A34047B-1436-4987-8DEB-B6837AAF71D7}.Debug|Any CPU.Build.0 = Debug|Any CPU
		{4A34047B-1436-4987-8DEB-B6837AAF71D7}.Release|Any CPU.ActiveCfg = Release|Any CPU
		{4A34047B-1436-4987-8DEB-B6837AAF71D7}.Release|Any CPU.Build.0 = Release|Any CPU
		{0126388E-907B-4102-B88C-35BDE4930C7B}.Debug|Any CPU.ActiveCfg = Debug|Any CPU
		{0126388E-907B-4102-B88C-35BDE4930C7B}.Debug|Any CPU.Build.0 = Debug|Any CPU
		{0126388E-907B-4102-B88C-35BDE4930C7B}.Release|Any CPU.ActiveCfg = Release|Any CPU
		{0126388E-907B-4102-B88C-35BDE4930C7B}.Release|Any CPU.Build.0 = Release|Any CPU
		{0C17FA73-E77C-47BD-BE93-A4B0A34459CD}.Debug|Any CPU.ActiveCfg = Debug|Any CPU
		{0C17FA73-E77C-47BD-BE93-A4B0A34459CD}.Debug|Any CPU.Build.0 = Debug|Any CPU
		{0C17FA73-E77C-47BD-BE93-A4B0A34459CD}.Release|Any CPU.ActiveCfg = Release|Any CPU
		{0C17FA73-E77C-47BD-BE93-A4B0A34459CD}.Release|Any CPU.Build.0 = Release|Any CPU
		{D81BB0AC-38C1-46EA-AAEE-2593C88B2FB3}.Debug|Any CPU.ActiveCfg = Debug|Any CPU
		{D81BB0AC-38C1-46EA-AAEE-2593C88B2FB3}.Debug|Any CPU.Build.0 = Debug|Any CPU
		{D81BB0AC-38C1-46EA-AAEE-2593C88B2FB3}.Release|Any CPU.ActiveCfg = Release|Any CPU
		{D81BB0AC-38C1-46EA-AAEE-2593C88B2FB3}.Release|Any CPU.Build.0 = Release|Any CPU
		{3A644B46-64DE-4D88-91EA-DE31683D9968}.Debug|Any CPU.ActiveCfg = Debug|Any CPU
		{3A644B46-64DE-4D88-91EA-DE31683D9968}.Debug|Any CPU.Build.0 = Debug|Any CPU
		{3A644B46-64DE-4D88-91EA-DE31683D9968}.Release|Any CPU.ActiveCfg = Release|Any CPU
		{3A644B46-64DE-4D88-91EA-DE31683D9968}.Release|Any CPU.Build.0 = Release|Any CPU
		{3B9A6D6D-58A9-42CD-A6D8-6EB5BCE9A1A7}.Debug|Any CPU.ActiveCfg = Debug|Any CPU
		{3B9A6D6D-58A9-42CD-A6D8-6EB5BCE9A1A7}.Debug|Any CPU.Build.0 = Debug|Any CPU
		{3B9A6D6D-58A9-42CD-A6D8-6EB5BCE9A1A7}.Release|Any CPU.ActiveCfg = Release|Any CPU
		{3B9A6D6D-58A9-42CD-A6D8-6EB5BCE9A1A7}.Release|Any CPU.Build.0 = Release|Any CPU
	EndGlobalSection
	GlobalSection(SolutionProperties) = preSolution
		HideSolutionNode = FALSE
	EndGlobalSection
	GlobalSection(ExtensibilityGlobals) = postSolution
		SolutionGuid = {95857175-337A-4A65-A02A-A42F14FB236F}
	EndGlobalSection
EndGlobal
